{
  "name": "chessinator",
  "lockfileVersion": 3,
  "requires": true,
  "packages": {
    "": {
      "dependencies": {
        "chess-fen": "^0.2.5",
        "fen-chess-board": "^2.0.5"
      }
    },
    "node_modules/chess-fen": {
      "version": "0.2.5",
      "resolved": "https://registry.npmjs.org/chess-fen/-/chess-fen-0.2.5.tgz",
      "integrity": "sha512-Exp2P6zUbCiU1r2DIqE/lLyltMu0Ag6IH8EIZKyLx70Ny6uxtCiiJGDcJ9I+j+KzvxionYc5gIq9AD2D8NZbIg=="
    },
    "node_modules/fen-chess-board": {
      "version": "2.0.5",
      "resolved": "https://registry.npmjs.org/fen-chess-board/-/fen-chess-board-2.0.5.tgz",
      "integrity": "sha512-mxfRO38KhciFVmTtZn5KnS07RZ3ppO9zW53d61n3uvc2BrEIybEkeau9MRTBK3+gTgH5Yl3/mBu5coqD3Uj38w=="
    }
  }
}
